
Microsoft Visual Studio Solution File, Format Version 12.00
Project("{F2A71F9B-5D33-465A-A702-920D77279786}") = "Workflow", "Workflow.fsproj", "{5E06F540-CCA5-48B7-B47E-A442085EBBE5}"
EndProject
Global
	GlobalSection(SolutionConfigurationPlatforms) = preSolution
		Debug|Any CPU = Debug|Any CPU
		Release|Any CPU = Release|Any CPU
	EndGlobalSection
	GlobalSection(ProjectConfigurationPlatforms) = postSolution
		{5E06F540-CCA5-48B7-B47E-A442085EBBE5}.Debug|Any CPU.ActiveCfg = Debug|Any CPU
		{5E06F540-CCA5-48B7-B47E-A442085EBBE5}.Debug|Any CPU.Build.0 = Debug|Any CPU
		{5E06F540-CCA5-48B7-B47E-A442085EBBE5}.Release|Any CPU.ActiveCfg = Release|Any CPU
		{5E06F540-CCA5-48B7-B47E-A442085EBBE5}.Release|Any CPU.Build.0 = Release|Any CPU
	EndGlobalSection
EndGlobal
