
Microsoft Visual Studio Solution File, Format Version 12.00
Project("{F2A71F9B-5D33-465A-A702-920D77279786}") = "Task3", "Task3.fsproj", "{471CA8A6-3228-433A-BDF0-452BC4C1A2DB}"
EndProject
Project("{F2A71F9B-5D33-465A-A702-920D77279786}") = "Task3Tests", "Task3Tests\Task3Tests.fsproj", "{93CCB19E-2D2D-4655-84A3-DD701AA06D19}"
EndProject
Global
	GlobalSection(SolutionConfigurationPlatforms) = preSolution
		Debug|Any CPU = Debug|Any CPU
		Release|Any CPU = Release|Any CPU
	EndGlobalSection
	GlobalSection(ProjectConfigurationPlatforms) = postSolution
		{471CA8A6-3228-433A-BDF0-452BC4C1A2DB}.Debug|Any CPU.ActiveCfg = Debug|Any CPU
		{471CA8A6-3228-433A-BDF0-452BC4C1A2DB}.Debug|Any CPU.Build.0 = Debug|Any CPU
		{471CA8A6-3228-433A-BDF0-452BC4C1A2DB}.Release|Any CPU.ActiveCfg = Release|Any CPU
		{471CA8A6-3228-433A-BDF0-452BC4C1A2DB}.Release|Any CPU.Build.0 = Release|Any CPU
		{93CCB19E-2D2D-4655-84A3-DD701AA06D19}.Debug|Any CPU.ActiveCfg = Debug|Any CPU
		{93CCB19E-2D2D-4655-84A3-DD701AA06D19}.Debug|Any CPU.Build.0 = Debug|Any CPU
		{93CCB19E-2D2D-4655-84A3-DD701AA06D19}.Release|Any CPU.ActiveCfg = Release|Any CPU
		{93CCB19E-2D2D-4655-84A3-DD701AA06D19}.Release|Any CPU.Build.0 = Release|Any CPU
	EndGlobalSection
EndGlobal
